{
  "name": "@civ-clone/base-unit-trireme",
  "version": "0.1.1",
  "lockfileVersion": 2,
  "requires": true,
  "packages": {
    "": {
      "name": "@civ-clone/base-unit-trireme",
      "version": "0.1.1",
      "license": "MIT",
      "dependencies": {
        "@civ-clone/base-unit-type-naval-transport": "^0.1.0"
      },
      "devDependencies": {
        "@types/node": "^14.11.2",
        "prettier": "^2.1.2",
        "typescript": "^4.0.3"
      }
    },
    "node_modules/@civ-clone/base-unit-action-sleep": {
      "version": "0.1.0",
      "resolved": "https://registry.npmjs.org/@civ-clone/base-unit-action-sleep/-/base-unit-action-sleep-0.1.0.tgz",
      "integrity": "sha512-SHf1JOUGevxQpXRvxdxq2uevN3AKnDlEZWbulhsS14pNdvjtXbK/Rt2K64oISIRcymb+uOW6DKvLKjJezI8ELw==",
      "dependencies": {
        "@civ-clone/core-rule": "^0.1.0",
        "@civ-clone/core-unit": "^0.1.0"
      }
    },
    "node_modules/@civ-clone/base-unit-type-naval": {
      "version": "0.1.0",
      "resolved": "https://registry.npmjs.org/@civ-clone/base-unit-type-naval/-/base-unit-type-naval-0.1.0.tgz",
      "integrity": "sha512-CU1GZF6K4O8KOm/zjEjeYnEFWWoGoJBr+dRFwOcBIU/9Su4ctYwuw+tnimjwzoqQcvmMHdZJc8zkRwPVYw1WKg==",
      "dependencies": {
        "@civ-clone/core-unit": "^0.1.0"
      }
    },
    "node_modules/@civ-clone/base-unit-type-naval-transport": {
      "version": "0.1.0",
      "resolved": "https://registry.npmjs.org/@civ-clone/base-unit-type-naval-transport/-/base-unit-type-naval-transport-0.1.0.tgz",
      "integrity": "sha512-QMSxnTVf3wgWpzS9wS7chMJC+VF8NTZ+LUoU8vmq4iDZePnrj5BCaAx41PytiZFwN4PS374cTB0TifaYKjRN6A==",
      "dependencies": {
        "@civ-clone/base-unit-action-sleep": "^0.1.0",
        "@civ-clone/base-unit-type-naval": "^0.1.0",
        "@civ-clone/core-city": "^0.1.0",
        "@civ-clone/core-player": "^0.1.0",
        "@civ-clone/core-rule": "^0.1.0",
        "@civ-clone/core-unit": "^0.1.0",
        "@civ-clone/core-unit-transport": "^0.1.0",
        "@civ-clone/core-world": "^0.1.0"
      }
    },
    "node_modules/@civ-clone/core-city": {
      "version": "0.1.0",
      "resolved": "https://registry.npmjs.org/@civ-clone/core-city/-/core-city-0.1.0.tgz",
      "integrity": "sha512-yn/ZWmomdtiBaljVOzam7OkgFPIGVMH8UPERY/hlceposoYl7Fslb1GTdM7ZA2kJBXhtR2JUpgX3tvHI5DtQfQ==",
      "dependencies": {
        "@civ-clone/core-data-object": "^0.1.0",
        "@civ-clone/core-player": "^0.1.0",
        "@civ-clone/core-registry": "^0.1.0",
        "@civ-clone/core-rule": "^0.1.0",
        "@civ-clone/core-world": "^0.1.0",
        "@civ-clone/core-yield": "^0.1.0"
      }
    },
    "node_modules/@civ-clone/core-civilization": {
      "version": "0.1.0",
      "resolved": "https://registry.npmjs.org/@civ-clone/core-civilization/-/core-civilization-0.1.0.tgz",
      "integrity": "sha512-OtX4KLV8j9PvIJK45MNQPCoIXMEQnO25R+laVGkGSFDr8DeWlMFCFn+ceQFRzVEvAcx41hiEmcIC8vg0XvYo8g==",
      "dependencies": {
        "@civ-clone/core-data-object": "^0.1.0",
        "@civ-clone/core-registry": "^0.1.0",
        "@civ-clone/core-yield": "^0.1.0"
      }
    },
    "node_modules/@civ-clone/core-data-object": {
      "version": "0.1.0",
      "resolved": "https://registry.npmjs.org/@civ-clone/core-data-object/-/core-data-object-0.1.0.tgz",
      "integrity": "sha512-FKKIJFEXRHAJfDm7ZqDWNutfzZ0aEBxAdA1xDzVTttQH4O2zGor3xYvI/wR0XRuQRkAhIt3A2Fn0cXzrJIZQOA==",
      "dependencies": {
        "@civ-clone/core-registry": "^0.1.0"
      }
    },
    "node_modules/@civ-clone/core-engine": {
      "version": "0.1.0",
      "resolved": "https://registry.npmjs.org/@civ-clone/core-engine/-/core-engine-0.1.0.tgz",
      "integrity": "sha512-iVgNyI9//7XFpbffTxodMe4NN3G5SKo+RrGwiZCLhfX1TmJc9jsrpT0R4ZDZethlIwXdEkb7dH6rhIQxLsRc/Q==",
      "dependencies": {
        "@civ-clone/core-registry": "^0.1.0",
        "@civ-clone/core-rule": "^0.1.0",
        "glob": "^7.1.6"
      }
    },
    "node_modules/@civ-clone/core-player": {
      "version": "0.1.0",
      "resolved": "https://registry.npmjs.org/@civ-clone/core-player/-/core-player-0.1.0.tgz",
      "integrity": "sha512-siZJSEU6p3Cm/xCabcrYoQlfg23G9iPCk6GaJILcTbZVW5eSf3om4Zaf1Cak2HqNWAnh3RPfj3Tbd3TtLr/0Bg==",
      "dependencies": {
        "@civ-clone/core-civilization": "^0.1.0",
        "@civ-clone/core-data-object": "^0.1.0",
        "@civ-clone/core-registry": "^0.1.0",
        "@civ-clone/core-rule": "^0.1.0"
      }
    },
    "node_modules/@civ-clone/core-registry": {
      "version": "0.1.0",
      "resolved": "https://registry.npmjs.org/@civ-clone/core-registry/-/core-registry-0.1.0.tgz",
      "integrity": "sha512-g8TqSC+kwDTgpgGBaQd/d4G5Mw75qb4C1nDu3qeVf3bEmggoM5IpyJbSrrn5+uISPJdF9OIQuZWmugLQSmk0tQ=="
    },
    "node_modules/@civ-clone/core-rule": {
      "version": "0.1.0",
      "resolved": "https://registry.npmjs.org/@civ-clone/core-rule/-/core-rule-0.1.0.tgz",
      "integrity": "sha512-K0um1LoUOjWW9DQfvR4/0fqhETNIJbM+qPeNFbeBOijtrk9bIJ+kNtv7hriZ5BEK7cdlZBcgcbu7LAVcFZc0Tg==",
      "dependencies": {
        "@civ-clone/core-registry": "^0.1"
      }
    },
    "node_modules/@civ-clone/core-terrain": {
      "version": "0.1.0",
      "resolved": "https://registry.npmjs.org/@civ-clone/core-terrain/-/core-terrain-0.1.0.tgz",
      "integrity": "sha512-0TDkJxxTPib3plqMLfSkr5W8adfC/ncOU+33GgvyZCbKhPE2dRw8xcrvFpLEZBQcDatKNvs89rMkHepOn0EH3w==",
      "dependencies": {
        "@civ-clone/core-data-object": "^0.1.0",
        "@civ-clone/core-registry": "^0.1.0",
        "@civ-clone/core-rule": "^0.1.0"
      }
    },
    "node_modules/@civ-clone/core-turn-based-game": {
      "version": "0.1.0",
      "resolved": "https://registry.npmjs.org/@civ-clone/core-turn-based-game/-/core-turn-based-game-0.1.0.tgz",
      "integrity": "sha512-8JDBKCjhzgPs4KgXKKDQZp04FDZedhBqU5Z9C3LfC3cQC9xNKPl40nydPbaDAy5G//YP34uNtSXRF+5kxWe4sQ==",
      "dependencies": {
        "@civ-clone/core-engine": "^0.1.0",
        "@civ-clone/core-rule": "^0.1.0",
        "@civ-clone/core-yield": "^0.1.0"
      }
    },
    "node_modules/@civ-clone/core-unit": {
      "version": "0.1.0",
      "resolved": "https://registry.npmjs.org/@civ-clone/core-unit/-/core-unit-0.1.0.tgz",
      "integrity": "sha512-ix9j2dBndM8+ciftCNnIjgkFhPZCEaCTtjocFQDvw09j5mAO3AUHOEYviSXT8pe4Qyl9UQtAdb9ey2nCae7uxg==",
      "dependencies": {
        "@civ-clone/core-city": "^0.1.0",
        "@civ-clone/core-data-object": "^0.1.0",
        "@civ-clone/core-player": "^0.1.0",
        "@civ-clone/core-registry": "^0.1.0",
        "@civ-clone/core-rule": "^0.1.0",
        "@civ-clone/core-turn-based-game": "^0.1.0",
        "@civ-clone/core-world": "^0.1.0",
        "@civ-clone/core-yield": "^0.1.0"
      }
    },
    "node_modules/@civ-clone/core-unit-transport": {
      "version": "0.1.0",
      "resolved": "https://registry.npmjs.org/@civ-clone/core-unit-transport/-/core-unit-transport-0.1.0.tgz",
      "integrity": "sha512-/OvicUeAGmcd8FTsx/rDrcylrfSt7nPdbo9rkqDDRAF0G9gV7tRsiTADS6v+6eZQ8myESk58jDTzyVTgkB716A==",
      "dependencies": {
        "@civ-clone/core-registry": "^0.1.0",
        "@civ-clone/core-unit": "^0.1.0"
      }
    },
    "node_modules/@civ-clone/core-world": {
      "version": "0.1.1",
      "resolved": "https://registry.npmjs.org/@civ-clone/core-world/-/core-world-0.1.1.tgz",
      "integrity": "sha512-Jfki8t0B5Hu3yATF4CtvMhJ26torVk4m5SxoB16/b+Y3ppXtc+6ypOchCYjptrkDoS2LW2Mm7R0bMxg64GMyNA==",
      "dependencies": {
        "@civ-clone/core-data-object": "^0.1.0",
        "@civ-clone/core-player": "^0.1.0",
        "@civ-clone/core-registry": "^0.1.0",
        "@civ-clone/core-rule": "^0.1.0",
        "@civ-clone/core-terrain": "^0.1.0",
        "@civ-clone/core-world-generator": "^0.1.0",
        "@civ-clone/core-yield": "^0.1.0"
      }
    },
    "node_modules/@civ-clone/core-world-generator": {
      "version": "0.1.0",
      "resolved": "https://registry.npmjs.org/@civ-clone/core-world-generator/-/core-world-generator-0.1.0.tgz",
      "integrity": "sha512-bz8G8n1XMp6yOyfRkTf5BN6/VgXdZZKL0V40VcmKJXDuzrMbbJGK3enQxOnoq3156DYv2ya3RC9ITGMAdqpnOg==",
      "dependencies": {
        "@civ-clone/core-registry": "^0.1.0",
        "@civ-clone/core-rule": "^0.1.0",
        "@civ-clone/core-terrain": "^0.1.0"
      }
    },
    "node_modules/@civ-clone/core-yield": {
      "version": "0.1.0",
      "resolved": "https://registry.npmjs.org/@civ-clone/core-yield/-/core-yield-0.1.0.tgz",
      "integrity": "sha512-97rwsBg9KYfMkLBkZgsSK3uCNb5VotZvDskMQMlZXJ+yoO6TUw+Lh2XKjmSHzGNk829Tg5s0c2m57ehre2/FpA==",
      "dependencies": {
        "@civ-clone/core-data-object": "^0.1.0",
        "@civ-clone/core-registry": "^0.1.0"
      }
    },
    "node_modules/@types/node": {
      "version": "14.14.21",
      "resolved": "https://registry.npmjs.org/@types/node/-/node-14.14.21.tgz",
      "integrity": "sha512-cHYfKsnwllYhjOzuC5q1VpguABBeecUp24yFluHpn/BQaVxB1CuQ1FSRZCzrPxrkIfWISXV2LbeoBthLWg0+0A==",
      "dev": true
    },
    "node_modules/balanced-match": {
      "version": "1.0.0",
      "resolved": "https://registry.npmjs.org/balanced-match/-/balanced-match-1.0.0.tgz",
      "integrity": "sha1-ibTRmasr7kneFk6gK4nORi1xt2c= sha512-9Y0g0Q8rmSt+H33DfKv7FOc3v+iRI+o1lbzt8jGcIosYW37IIW/2XVYq5NPdmaD5NQ59Nk26Kl/vZbwW9Fr8vg=="
    },
    "node_modules/brace-expansion": {
      "version": "1.1.11",
      "resolved": "https://registry.npmjs.org/brace-expansion/-/brace-expansion-1.1.11.tgz",
      "integrity": "sha512-iCuPHDFgrHX7H2vEI/5xpz07zSHB00TpugqhmYtVmMO6518mCuRMoOYFldEBl0g187ufozdaHgWKcYFb61qGiA==",
      "dependencies": {
        "balanced-match": "^1.0.0",
        "concat-map": "0.0.1"
      }
    },
    "node_modules/concat-map": {
      "version": "0.0.1",
      "resolved": "https://registry.npmjs.org/concat-map/-/concat-map-0.0.1.tgz",
      "integrity": "sha1-2Klr13/Wjfd5OnMDajug1UBdR3s= sha512-/Srv4dswyQNBfohGpz9o6Yb3Gz3SrUDqBH5rTuhGR7ahtlbYKnVxw2bCFMRljaA7EXHaXZ8wsHdodFvbkhKmqg=="
    },
    "node_modules/fs.realpath": {
      "version": "1.0.0",
      "resolved": "https://registry.npmjs.org/fs.realpath/-/fs.realpath-1.0.0.tgz",
      "integrity": "sha1-FQStJSMVjKpA20onh8sBQRmU6k8= sha512-OO0pH2lK6a0hZnAdau5ItzHPI6pUlvI7jMVnxUQRtw4owF2wk8lOSabtGDCTP4Ggrg2MbGnWO9X8K1t4+fGMDw=="
    },
    "node_modules/glob": {
      "version": "7.1.6",
      "resolved": "https://registry.npmjs.org/glob/-/glob-7.1.6.tgz",
      "integrity": "sha512-LwaxwyZ72Lk7vZINtNNrywX0ZuLyStrdDtabefZKAY5ZGJhVtgdznluResxNmPitE0SAO+O26sWTHeKSI2wMBA==",
      "dependencies": {
        "fs.realpath": "^1.0.0",
        "inflight": "^1.0.4",
        "inherits": "2",
        "minimatch": "^3.0.4",
        "once": "^1.3.0",
        "path-is-absolute": "^1.0.0"
      },
      "engines": {
        "node": "*"
      },
      "funding": {
        "url": "https://github.com/sponsors/isaacs"
      }
    },
    "node_modules/inflight": {
      "version": "1.0.6",
      "resolved": "https://registry.npmjs.org/inflight/-/inflight-1.0.6.tgz",
      "integrity": "sha1-Sb1jMdfQLQwJvJEKEHW6gWW1bfk= sha512-k92I/b08q4wvFscXCLvqfsHCrjrF7yiXsQuIVvVE7N82W3+aqpzuUdBbfhWcy/FZR3/4IgflMgKLOsvPDrGCJA==",
      "dependencies": {
        "once": "^1.3.0",
        "wrappy": "1"
      }
    },
    "node_modules/inherits": {
      "version": "2.0.4",
      "resolved": "https://registry.npmjs.org/inherits/-/inherits-2.0.4.tgz",
      "integrity": "sha512-k/vGaX4/Yla3WzyMCvTQOXYeIHvqOKtnqBduzTHpzpQZzAskKMhZ2K+EnBiSM9zGSoIFeMpXKxa4dYeZIQqewQ=="
    },
    "node_modules/minimatch": {
      "version": "3.0.4",
      "resolved": "https://registry.npmjs.org/minimatch/-/minimatch-3.0.4.tgz",
      "integrity": "sha512-yJHVQEhyqPLUTgt9B83PXu6W3rx4MvvHvSUvToogpwoGDOUQ+yDrR0HRot+yOCdCO7u4hX3pWft6kWBBcqh0UA==",
      "dependencies": {
        "brace-expansion": "^1.1.7"
      },
      "engines": {
        "node": "*"
      }
    },
    "node_modules/once": {
      "version": "1.4.0",
      "resolved": "https://registry.npmjs.org/once/-/once-1.4.0.tgz",
      "integrity": "sha1-WDsap3WWHUsROsF9nFC6753Xa9E= sha512-lNaJgI+2Q5URQBkccEKHTQOPaXdUxnZZElQTZY0MFUAuaEqe1E+Nyvgdz/aIyNi6Z9MzO5dv1H8n58/GELp3+w==",
      "dependencies": {
        "wrappy": "1"
      }
    },
    "node_modules/path-is-absolute": {
      "version": "1.0.1",
      "resolved": "https://registry.npmjs.org/path-is-absolute/-/path-is-absolute-1.0.1.tgz",
      "integrity": "sha1-F0uSaHNVNP+8es5r9TpanhtcX18= sha512-AVbw3UJ2e9bq64vSaS9Am0fje1Pa8pbGqTTsmXfaIiMpnr5DlDhfJOuLj9Sf95ZPVDAUerDfEk88MPmPe7UCQg==",
      "engines": {
        "node": ">=0.10.0"
      }
    },
    "node_modules/prettier": {
      "version": "2.2.1",
      "resolved": "https://registry.npmjs.org/prettier/-/prettier-2.2.1.tgz",
      "integrity": "sha512-PqyhM2yCjg/oKkFPtTGUojv7gnZAoG80ttl45O6x2Ug/rMJw4wcc9k6aaf2hibP7BGVCCM33gZoGjyvt9mm16Q==",
      "dev": true,
      "bin": {
        "prettier": "bin-prettier.js"
      },
      "engines": {
        "node": ">=10.13.0"
      }
    },
    "node_modules/typescript": {
      "version": "4.1.3",
      "resolved": "https://registry.npmjs.org/typescript/-/typescript-4.1.3.tgz",
      "integrity": "sha512-B3ZIOf1IKeH2ixgHhj6la6xdwR9QrLC5d1VKeCSY4tvkqhF2eqd9O7txNlS0PO3GrBAFIdr3L1ndNwteUbZLYg==",
      "dev": true,
      "bin": {
        "tsc": "bin/tsc",
        "tsserver": "bin/tsserver"
      },
      "engines": {
        "node": ">=4.2.0"
      }
    },
    "node_modules/wrappy": {
      "version": "1.0.2",
      "resolved": "https://registry.npmjs.org/wrappy/-/wrappy-1.0.2.tgz",
      "integrity": "sha1-tSQ9jz7BqjXxNkYFvA0QNuMKtp8= sha512-l4Sp/DRseor9wL6EvV2+TuQn63dMkPjZ/sp9XkghTEbV9KlPS1xUsZ3u7/IQO4wxtcFB4bgpQPRcR3QCvezPcQ=="
    }
  },
  "dependencies": {
    "@civ-clone/base-unit-action-sleep": {
      "version": "0.1.0",
      "resolved": "https://registry.npmjs.org/@civ-clone/base-unit-action-sleep/-/base-unit-action-sleep-0.1.0.tgz",
      "integrity": "sha512-SHf1JOUGevxQpXRvxdxq2uevN3AKnDlEZWbulhsS14pNdvjtXbK/Rt2K64oISIRcymb+uOW6DKvLKjJezI8ELw==",
      "requires": {
        "@civ-clone/core-rule": "^0.1.0",
        "@civ-clone/core-unit": "^0.1.0"
      }
    },
    "@civ-clone/base-unit-type-naval": {
      "version": "0.1.0",
      "resolved": "https://registry.npmjs.org/@civ-clone/base-unit-type-naval/-/base-unit-type-naval-0.1.0.tgz",
      "integrity": "sha512-CU1GZF6K4O8KOm/zjEjeYnEFWWoGoJBr+dRFwOcBIU/9Su4ctYwuw+tnimjwzoqQcvmMHdZJc8zkRwPVYw1WKg==",
      "requires": {
        "@civ-clone/core-unit": "^0.1.0"
      }
    },
    "@civ-clone/base-unit-type-naval-transport": {
      "version": "0.1.0",
      "resolved": "https://registry.npmjs.org/@civ-clone/base-unit-type-naval-transport/-/base-unit-type-naval-transport-0.1.0.tgz",
      "integrity": "sha512-QMSxnTVf3wgWpzS9wS7chMJC+VF8NTZ+LUoU8vmq4iDZePnrj5BCaAx41PytiZFwN4PS374cTB0TifaYKjRN6A==",
      "requires": {
        "@civ-clone/base-unit-action-sleep": "^0.1.0",
        "@civ-clone/base-unit-type-naval": "^0.1.0",
        "@civ-clone/core-city": "^0.1.0",
        "@civ-clone/core-player": "^0.1.0",
        "@civ-clone/core-rule": "^0.1.0",
        "@civ-clone/core-unit": "^0.1.0",
        "@civ-clone/core-unit-transport": "^0.1.0",
        "@civ-clone/core-world": "^0.1.0"
      }
    },
    "@civ-clone/core-city": {
      "version": "0.1.0",
      "resolved": "https://registry.npmjs.org/@civ-clone/core-city/-/core-city-0.1.0.tgz",
      "integrity": "sha512-yn/ZWmomdtiBaljVOzam7OkgFPIGVMH8UPERY/hlceposoYl7Fslb1GTdM7ZA2kJBXhtR2JUpgX3tvHI5DtQfQ==",
      "requires": {
        "@civ-clone/core-data-object": "^0.1.0",
        "@civ-clone/core-player": "^0.1.0",
        "@civ-clone/core-registry": "^0.1.0",
        "@civ-clone/core-rule": "^0.1.0",
        "@civ-clone/core-world": "^0.1.0",
        "@civ-clone/core-yield": "^0.1.0"
      }
    },
    "@civ-clone/core-civilization": {
      "version": "0.1.0",
      "resolved": "https://registry.npmjs.org/@civ-clone/core-civilization/-/core-civilization-0.1.0.tgz",
      "integrity": "sha512-OtX4KLV8j9PvIJK45MNQPCoIXMEQnO25R+laVGkGSFDr8DeWlMFCFn+ceQFRzVEvAcx41hiEmcIC8vg0XvYo8g==",
      "requires": {
        "@civ-clone/core-data-object": "^0.1.0",
        "@civ-clone/core-registry": "^0.1.0",
        "@civ-clone/core-yield": "^0.1.0"
      }
    },
    "@civ-clone/core-data-object": {
      "version": "0.1.0",
      "resolved": "https://registry.npmjs.org/@civ-clone/core-data-object/-/core-data-object-0.1.0.tgz",
      "integrity": "sha512-FKKIJFEXRHAJfDm7ZqDWNutfzZ0aEBxAdA1xDzVTttQH4O2zGor3xYvI/wR0XRuQRkAhIt3A2Fn0cXzrJIZQOA==",
      "requires": {
        "@civ-clone/core-registry": "^0.1.0"
      }
    },
    "@civ-clone/core-engine": {
      "version": "0.1.0",
      "resolved": "https://registry.npmjs.org/@civ-clone/core-engine/-/core-engine-0.1.0.tgz",
      "integrity": "sha512-iVgNyI9//7XFpbffTxodMe4NN3G5SKo+RrGwiZCLhfX1TmJc9jsrpT0R4ZDZethlIwXdEkb7dH6rhIQxLsRc/Q==",
      "requires": {
        "@civ-clone/core-registry": "^0.1.0",
        "@civ-clone/core-rule": "^0.1.0",
        "glob": "^7.1.6"
      }
    },
    "@civ-clone/core-player": {
      "version": "0.1.0",
      "resolved": "https://registry.npmjs.org/@civ-clone/core-player/-/core-player-0.1.0.tgz",
      "integrity": "sha512-siZJSEU6p3Cm/xCabcrYoQlfg23G9iPCk6GaJILcTbZVW5eSf3om4Zaf1Cak2HqNWAnh3RPfj3Tbd3TtLr/0Bg==",
      "requires": {
        "@civ-clone/core-civilization": "^0.1.0",
        "@civ-clone/core-data-object": "^0.1.0",
        "@civ-clone/core-registry": "^0.1.0",
        "@civ-clone/core-rule": "^0.1.0"
      }
    },
    "@civ-clone/core-registry": {
      "version": "0.1.0",
      "resolved": "https://registry.npmjs.org/@civ-clone/core-registry/-/core-registry-0.1.0.tgz",
      "integrity": "sha512-g8TqSC+kwDTgpgGBaQd/d4G5Mw75qb4C1nDu3qeVf3bEmggoM5IpyJbSrrn5+uISPJdF9OIQuZWmugLQSmk0tQ=="
    },
    "@civ-clone/core-rule": {
      "version": "0.1.0",
      "resolved": "https://registry.npmjs.org/@civ-clone/core-rule/-/core-rule-0.1.0.tgz",
      "integrity": "sha512-K0um1LoUOjWW9DQfvR4/0fqhETNIJbM+qPeNFbeBOijtrk9bIJ+kNtv7hriZ5BEK7cdlZBcgcbu7LAVcFZc0Tg==",
      "requires": {
        "@civ-clone/core-registry": "^0.1"
      }
    },
    "@civ-clone/core-terrain": {
      "version": "0.1.0",
      "resolved": "https://registry.npmjs.org/@civ-clone/core-terrain/-/core-terrain-0.1.0.tgz",
      "integrity": "sha512-0TDkJxxTPib3plqMLfSkr5W8adfC/ncOU+33GgvyZCbKhPE2dRw8xcrvFpLEZBQcDatKNvs89rMkHepOn0EH3w==",
      "requires": {
        "@civ-clone/core-data-object": "^0.1.0",
        "@civ-clone/core-registry": "^0.1.0",
        "@civ-clone/core-rule": "^0.1.0"
      }
    },
    "@civ-clone/core-turn-based-game": {
      "version": "0.1.0",
      "resolved": "https://registry.npmjs.org/@civ-clone/core-turn-based-game/-/core-turn-based-game-0.1.0.tgz",
      "integrity": "sha512-8JDBKCjhzgPs4KgXKKDQZp04FDZedhBqU5Z9C3LfC3cQC9xNKPl40nydPbaDAy5G//YP34uNtSXRF+5kxWe4sQ==",
      "requires": {
        "@civ-clone/core-engine": "^0.1.0",
        "@civ-clone/core-rule": "^0.1.0",
        "@civ-clone/core-yield": "^0.1.0"
      }
    },
    "@civ-clone/core-unit": {
      "version": "0.1.0",
      "resolved": "https://registry.npmjs.org/@civ-clone/core-unit/-/core-unit-0.1.0.tgz",
      "integrity": "sha512-ix9j2dBndM8+ciftCNnIjgkFhPZCEaCTtjocFQDvw09j5mAO3AUHOEYviSXT8pe4Qyl9UQtAdb9ey2nCae7uxg==",
      "requires": {
        "@civ-clone/core-city": "^0.1.0",
        "@civ-clone/core-data-object": "^0.1.0",
        "@civ-clone/core-player": "^0.1.0",
        "@civ-clone/core-registry": "^0.1.0",
        "@civ-clone/core-rule": "^0.1.0",
        "@civ-clone/core-turn-based-game": "^0.1.0",
        "@civ-clone/core-world": "^0.1.0",
        "@civ-clone/core-yield": "^0.1.0"
      }
    },
    "@civ-clone/core-unit-transport": {
      "version": "0.1.0",
      "resolved": "https://registry.npmjs.org/@civ-clone/core-unit-transport/-/core-unit-transport-0.1.0.tgz",
      "integrity": "sha512-/OvicUeAGmcd8FTsx/rDrcylrfSt7nPdbo9rkqDDRAF0G9gV7tRsiTADS6v+6eZQ8myESk58jDTzyVTgkB716A==",
      "requires": {
        "@civ-clone/core-registry": "^0.1.0",
        "@civ-clone/core-unit": "^0.1.0"
      }
    },
    "@civ-clone/core-world": {
      "version": "0.1.1",
      "resolved": "https://registry.npmjs.org/@civ-clone/core-world/-/core-world-0.1.1.tgz",
      "integrity": "sha512-Jfki8t0B5Hu3yATF4CtvMhJ26torVk4m5SxoB16/b+Y3ppXtc+6ypOchCYjptrkDoS2LW2Mm7R0bMxg64GMyNA==",
      "requires": {
        "@civ-clone/core-data-object": "^0.1.0",
        "@civ-clone/core-player": "^0.1.0",
        "@civ-clone/core-registry": "^0.1.0",
        "@civ-clone/core-rule": "^0.1.0",
        "@civ-clone/core-terrain": "^0.1.0",
        "@civ-clone/core-world-generator": "^0.1.0",
        "@civ-clone/core-yield": "^0.1.0"
      }
    },
    "@civ-clone/core-world-generator": {
      "version": "0.1.0",
      "resolved": "https://registry.npmjs.org/@civ-clone/core-world-generator/-/core-world-generator-0.1.0.tgz",
      "integrity": "sha512-bz8G8n1XMp6yOyfRkTf5BN6/VgXdZZKL0V40VcmKJXDuzrMbbJGK3enQxOnoq3156DYv2ya3RC9ITGMAdqpnOg==",
      "requires": {
        "@civ-clone/core-registry": "^0.1.0",
        "@civ-clone/core-rule": "^0.1.0",
        "@civ-clone/core-terrain": "^0.1.0"
      }
    },
    "@civ-clone/core-yield": {
      "version": "0.1.0",
      "resolved": "https://registry.npmjs.org/@civ-clone/core-yield/-/core-yield-0.1.0.tgz",
      "integrity": "sha512-97rwsBg9KYfMkLBkZgsSK3uCNb5VotZvDskMQMlZXJ+yoO6TUw+Lh2XKjmSHzGNk829Tg5s0c2m57ehre2/FpA==",
      "requires": {
        "@civ-clone/core-data-object": "^0.1.0",
        "@civ-clone/core-registry": "^0.1.0"
      }
    },
    "@types/node": {
      "version": "14.14.21",
      "resolved": "https://registry.npmjs.org/@types/node/-/node-14.14.21.tgz",
      "integrity": "sha512-cHYfKsnwllYhjOzuC5q1VpguABBeecUp24yFluHpn/BQaVxB1CuQ1FSRZCzrPxrkIfWISXV2LbeoBthLWg0+0A==",
      "dev": true
    },
    "balanced-match": {
      "version": "1.0.0",
      "resolved": "https://registry.npmjs.org/balanced-match/-/balanced-match-1.0.0.tgz",
      "integrity": "sha1-ibTRmasr7kneFk6gK4nORi1xt2c= sha512-9Y0g0Q8rmSt+H33DfKv7FOc3v+iRI+o1lbzt8jGcIosYW37IIW/2XVYq5NPdmaD5NQ59Nk26Kl/vZbwW9Fr8vg=="
    },
    "brace-expansion": {
      "version": "1.1.11",
      "resolved": "https://registry.npmjs.org/brace-expansion/-/brace-expansion-1.1.11.tgz",
      "integrity": "sha512-iCuPHDFgrHX7H2vEI/5xpz07zSHB00TpugqhmYtVmMO6518mCuRMoOYFldEBl0g187ufozdaHgWKcYFb61qGiA==",
      "requires": {
        "balanced-match": "^1.0.0",
        "concat-map": "0.0.1"
      }
    },
    "concat-map": {
      "version": "0.0.1",
      "resolved": "https://registry.npmjs.org/concat-map/-/concat-map-0.0.1.tgz",
      "integrity": "sha1-2Klr13/Wjfd5OnMDajug1UBdR3s= sha512-/Srv4dswyQNBfohGpz9o6Yb3Gz3SrUDqBH5rTuhGR7ahtlbYKnVxw2bCFMRljaA7EXHaXZ8wsHdodFvbkhKmqg=="
    },
    "fs.realpath": {
      "version": "1.0.0",
      "resolved": "https://registry.npmjs.org/fs.realpath/-/fs.realpath-1.0.0.tgz",
      "integrity": "sha1-FQStJSMVjKpA20onh8sBQRmU6k8= sha512-OO0pH2lK6a0hZnAdau5ItzHPI6pUlvI7jMVnxUQRtw4owF2wk8lOSabtGDCTP4Ggrg2MbGnWO9X8K1t4+fGMDw=="
    },
    "glob": {
      "version": "7.1.6",
      "resolved": "https://registry.npmjs.org/glob/-/glob-7.1.6.tgz",
      "integrity": "sha512-LwaxwyZ72Lk7vZINtNNrywX0ZuLyStrdDtabefZKAY5ZGJhVtgdznluResxNmPitE0SAO+O26sWTHeKSI2wMBA==",
      "requires": {
        "fs.realpath": "^1.0.0",
        "inflight": "^1.0.4",
        "inherits": "2",
        "minimatch": "^3.0.4",
        "once": "^1.3.0",
        "path-is-absolute": "^1.0.0"
      }
    },
    "inflight": {
      "version": "1.0.6",
      "resolved": "https://registry.npmjs.org/inflight/-/inflight-1.0.6.tgz",
      "integrity": "sha1-Sb1jMdfQLQwJvJEKEHW6gWW1bfk= sha512-k92I/b08q4wvFscXCLvqfsHCrjrF7yiXsQuIVvVE7N82W3+aqpzuUdBbfhWcy/FZR3/4IgflMgKLOsvPDrGCJA==",
      "requires": {
        "once": "^1.3.0",
        "wrappy": "1"
      }
    },
    "inherits": {
      "version": "2.0.4",
      "resolved": "https://registry.npmjs.org/inherits/-/inherits-2.0.4.tgz",
      "integrity": "sha512-k/vGaX4/Yla3WzyMCvTQOXYeIHvqOKtnqBduzTHpzpQZzAskKMhZ2K+EnBiSM9zGSoIFeMpXKxa4dYeZIQqewQ=="
    },
    "minimatch": {
      "version": "3.0.4",
      "resolved": "https://registry.npmjs.org/minimatch/-/minimatch-3.0.4.tgz",
      "integrity": "sha512-yJHVQEhyqPLUTgt9B83PXu6W3rx4MvvHvSUvToogpwoGDOUQ+yDrR0HRot+yOCdCO7u4hX3pWft6kWBBcqh0UA==",
      "requires": {
        "brace-expansion": "^1.1.7"
      }
    },
    "once": {
      "version": "1.4.0",
      "resolved": "https://registry.npmjs.org/once/-/once-1.4.0.tgz",
      "integrity": "sha1-WDsap3WWHUsROsF9nFC6753Xa9E= sha512-lNaJgI+2Q5URQBkccEKHTQOPaXdUxnZZElQTZY0MFUAuaEqe1E+Nyvgdz/aIyNi6Z9MzO5dv1H8n58/GELp3+w==",
      "requires": {
        "wrappy": "1"
      }
    },
    "path-is-absolute": {
      "version": "1.0.1",
      "resolved": "https://registry.npmjs.org/path-is-absolute/-/path-is-absolute-1.0.1.tgz",
      "integrity": "sha1-F0uSaHNVNP+8es5r9TpanhtcX18= sha512-AVbw3UJ2e9bq64vSaS9Am0fje1Pa8pbGqTTsmXfaIiMpnr5DlDhfJOuLj9Sf95ZPVDAUerDfEk88MPmPe7UCQg=="
    },
    "prettier": {
      "version": "2.2.1",
      "resolved": "https://registry.npmjs.org/prettier/-/prettier-2.2.1.tgz",
      "integrity": "sha512-PqyhM2yCjg/oKkFPtTGUojv7gnZAoG80ttl45O6x2Ug/rMJw4wcc9k6aaf2hibP7BGVCCM33gZoGjyvt9mm16Q==",
      "dev": true
    },
    "typescript": {
      "version": "4.1.3",
      "resolved": "https://registry.npmjs.org/typescript/-/typescript-4.1.3.tgz",
      "integrity": "sha512-B3ZIOf1IKeH2ixgHhj6la6xdwR9QrLC5d1VKeCSY4tvkqhF2eqd9O7txNlS0PO3GrBAFIdr3L1ndNwteUbZLYg==",
      "dev": true
    },
    "wrappy": {
      "version": "1.0.2",
      "resolved": "https://registry.npmjs.org/wrappy/-/wrappy-1.0.2.tgz",
      "integrity": "sha1-tSQ9jz7BqjXxNkYFvA0QNuMKtp8= sha512-l4Sp/DRseor9wL6EvV2+TuQn63dMkPjZ/sp9XkghTEbV9KlPS1xUsZ3u7/IQO4wxtcFB4bgpQPRcR3QCvezPcQ=="
    }
  }
}
